# This file is automatically @generated by Cargo.
# It is not intended for manual editing.
version = 4

[[package]]
name = "autocfg"
version = "1.5.1"
source = "registry+https://github.com/rust-lang/crates.io-index"
checksum = "f2032f911046de80f0a198e0901378627c33f59ea0ac00e363d481118bd70a53"

[[package]]
name = "base64"
version = "0.22.1"
source = "registry+https://github.com/rust-lang/crates.io-index"
checksum = "72b3254f16251a8381aa12e40e3c4d2f0199f8c6508fbecb9d91f575e0fbb8c6"

[[package]]
name = "bincode"
version = "1.3.3"
source = "registry+https://github.com/rust-lang/crates.io-index"
checksum = "b1f45e9417d87227c7a56d22e471c6206462cba514c7590c09aff4cf6d1ddcad"
dependencies = [
 "serde",
]

[[package]]
name = "bitflags"
version = "2.13.2"
source = "registry+https://github.com/rust-lang/crates.io-index"
checksum = "3ded4057c258ba199e2d26386d3af3780957ecaee6c4ef4041c6b4b8b97c0b06"
dependencies = [
 "serde_core",
]

[[package]]
name = "block-buffer"
version = "0.10.4"
source = "registry+https://github.com/rust-lang/crates.io-index"
checksum = "3078c7629b62d3f0439517fa394996acacc5cbc91c5a20d8c658e77abd503a71"
dependencies = [
 "generic-array",
]

[[package]]
name = "bs58"
version = "0.5.1"
source = "registry+https://github.com/rust-lang/crates.io-index"
checksum = "bf88ba1141d185c399bee5288d850d63b8369520c1eafc32a0430b5b6c287bf4"
dependencies = [
 "tinyvec",
]

[[package]]
name = "bumpalo"
version = "3.20.3"
source = "registry+https://github.com/rust-lang/crates.io-index"
checksum = "72f5acc6cb2ba439de613abc23857ec3d78374d8ed5ac84e9d11336e87da8649"

[[package]]
name = "bytemuck"
version = "1.25.2"
source = "registry+https://github.com/rust-lang/crates.io-index"
checksum = "95832e849adfb21180ccb6826a99da14e5d266ae5c2e668e1602cf234f153797"

[[package]]
name = "bytemuck_derive"
version = "1.12.1"
source = "registry+https://github.com/rust-lang/crates.io-index"
checksum = "6a1f896587b6f2c069c73d2f0913e2d590c3990285cd2f0b6aa02b786b4c679c"
dependencies = [
 "proc-macro2",
 "quote",
 "syn 3.0.6",
]

[[package]]
name = "cfg-if"
version = "1.0.5"
source = "registry+https://github.com/rust-lang/crates.io-index"
checksum = "4e7648175b45a9a48536d676f68d918270699102aa8dab5496df06904c914600"

[[package]]
name = "cpufeatures"
version = "0.2.17"
source = "registry+https://github.com/rust-lang/crates.io-index"
checksum = "59ed5838eebb26a2bb2e58f6d5b5316989ae9d08bab10e0e6d103e656d1b0280"
dependencies = [
 "libc",
]

[[package]]
name = "crypto-common"
version = "0.1.7"
source = "registry+https://github.com/rust-lang/crates.io-index"
checksum = "78c8292055d1c1df0cce5d180393dc8cce0abec0a7102adb6c7b1eef6016d60a"
dependencies = [
 "generic-array",
 "typenum",
]

[[package]]
name = "digest"
version = "0.10.7"
source = "registry+https://github.com/rust-lang/crates.io-index"
checksum = "9ed9a281f7bc9b7576e61468ba615a66a5c8cfdff42420a70aa82701a3b1e292"
dependencies = [
 "block-buffer",
 "crypto-common",
]

[[package]]
name = "drawbook-raffle"
version = "0.1.0"
dependencies = [
 "rialo-s-account-info",
 "rialo-s-cpi",
 "rialo-s-instruction",
 "rialo-s-instructions-sysvar",
 "rialo-s-msg",
 "rialo-s-program-entrypoint",
 "rialo-s-program-error",
 "rialo-s-pubkey",
 "rialo-s-random-seed",
 "rialo-s-sha256-hasher",
 "rialo-s-sysvar",
]

[[package]]
name = "five8_const"
version = "0.1.4"
source = "registry+https://github.com/rust-lang/crates.io-index"
checksum = "26dec3da8bc3ef08f2c04f61eab298c3ab334523e55f076354d6d6f613799a7b"
dependencies = [
 "five8_core",
]

[[package]]
name = "five8_core"
version = "0.1.2"
source = "registry+https://github.com/rust-lang/crates.io-index"
checksum = "2551bf44bc5f776c15044b9b94153a00198be06743e262afaaa61f11ac7523a5"

[[package]]
name = "futures-core"
version = "0.3.34"
source = "registry+https://github.com/rust-lang/crates.io-index"
checksum = "92d699e522242e69e3003b94ecc1f960f3a5e015aa7c5d7486e65ad01dd94f5e"

[[package]]
name = "futures-task"
version = "0.3.34"
source = "registry+https://github.com/rust-lang/crates.io-index"
checksum = "cd417de3d1d015fc3bfd2b1ea46dfc7bab72ef86f1cc7cc9c78e728b34a6d1fd"

[[package]]
name = "futures-util"
version = "0.3.34"
source = "registry+https://github.com/rust-lang/crates.io-index"
checksum = "0d50a92467f8ba5dd6e3ee5d4bd04d73ab2e4e1c44474a0674821dfce14b79bc"
dependencies = [
 "futures-core",
 "futures-task",
 "pin-project-lite",
 "slab",
]

[[package]]
name = "generic-array"
version = "0.14.7"
source = "registry+https://github.com/rust-lang/crates.io-index"
checksum = "85649ca51fd72272d7821adaf274ad91c288277713d9c18820d8499a7ff69e9a"
dependencies = [
 "typenum",
 "version_check",
]

[[package]]
name = "getrandom"
version = "0.2.17"
source = "registry+https://github.com/rust-lang/crates.io-index"
checksum = "ff2abc00be7fca6ebc474524697ae276ad847ad0a6b3faa4bcb027e9a4614ad0"
dependencies = [
 "cfg-if",
 "js-sys",
 "libc",
 "wasi",
 "wasm-bindgen",
]

[[package]]
name = "itoa"
version = "1.0.18"
source = "registry+https://github.com/rust-lang/crates.io-index"
checksum = "8f42a60cbdf9a97f5d2305f08a87dc4e09308d1276d28c869c684d7777685682"

[[package]]
name = "js-sys"
version = "0.3.106"
source = "registry+https://github.com/rust-lang/crates.io-index"
checksum = "7883d941dae510fb2d978fc3fe018c71c9e2892fd38854de3e8b92c2e5ad9cc5"
dependencies = [
 "cfg-if",
 "futures-util",
 "wasm-bindgen",
]

[[package]]
name = "libc"
version = "0.2.190"
source = "registry+https://github.com/rust-lang/crates.io-index"
checksum = "ce5d3ddc6d3fa000eb1536d85e147bfe31aacaba692ed6a876f95cb7c855be78"

[[package]]
name = "lock_api"
version = "0.4.14"
source = "registry+https://github.com/rust-lang/crates.io-index"
checksum = "224399e74b87b5f3557511d98dff8b14089b3dadafcab6bb93eab67d3aace965"
dependencies = [
 "scopeguard",
]

[[package]]
name = "log"
version = "0.4.34"
source = "registry+https://github.com/rust-lang/crates.io-index"
checksum = "f9f8bd3e56ce4dfc153cf470fffbfa98c7620958b312ca5c3a4b8d5181fd13c6"

[[package]]
name = "memchr"
version = "2.8.3"
source = "registry+https://github.com/rust-lang/crates.io-index"
checksum = "cf8baf1c55e62ffcace7a9f06f4bd9cd3f0c4beb022d3b367256b91b87513d98"

[[package]]
name = "num-traits"
version = "0.2.19"
source = "registry+https://github.com/rust-lang/crates.io-index"
checksum = "071dfc062690e90b734c0b2273ce72ad0ffa95f0c74596bc250dcfd960262841"
dependencies = [
 "autocfg",
]

[[package]]
name = "once_cell"
version = "1.21.4"
source = "registry+https://github.com/rust-lang/crates.io-index"
checksum = "9f7c3e4beb33f85d45ae3e3a1792185706c8e16d043238c593331cc7cd313b50"

[[package]]
name = "parking_lot"
version = "0.12.5"
source = "registry+https://github.com/rust-lang/crates.io-index"
checksum = "93857453250e3077bd71ff98b6a65ea6621a19bb0f559a85248955ac12c45a1a"
dependencies = [
 "lock_api",
 "parking_lot_core",
]

[[package]]
name = "parking_lot_core"
version = "0.9.12"
source = "registry+https://github.com/rust-lang/crates.io-index"
checksum = "2621685985a2ebf1c516881c026032ac7deafcda1a2c9b7850dc81e3dfcb64c1"
dependencies = [
 "cfg-if",
 "libc",
 "redox_syscall",
 "smallvec",
 "windows-link",
]

[[package]]
name = "pin-project-lite"
version = "0.2.17"
source = "registry+https://github.com/rust-lang/crates.io-index"
checksum = "a89322df9ebe1c1578d689c92318e070967d1042b512afbe49518723f4e6d5cd"

[[package]]
name = "polkavm-common"
version = "0.26.0"
source = "registry+https://github.com/rust-lang/crates.io-index"
checksum = "49a5794b695626ba70d29e66e3f4f4835767452a6723f3a0bc20884b07088fe8"

[[package]]
name = "polkavm-derive"
version = "0.26.0"
source = "registry+https://github.com/rust-lang/crates.io-index"
checksum = "95282a203ae1f6828a04ff334145c3f6dc718bba6d3959805d273358b45eab93"
dependencies = [
 "polkavm-derive-impl-macro",
]

[[package]]
name = "polkavm-derive-impl"
version = "0.26.0"
source = "registry+https://github.com/rust-lang/crates.io-index"
checksum = "6069dc7995cde6e612b868a02ce48b54397c6d2582bd1b97b63aabbe962cd779"
dependencies = [
 "polkavm-common",
 "proc-macro2",
 "quote",
 "syn 2.0.119",
]

[[package]]
name = "polkavm-derive-impl-macro"
version = "0.26.0"
source = "registry+https://github.com/rust-lang/crates.io-index"
checksum = "581d34cafec741dc5ffafbb341933c205b6457f3d76257a9d99fb56687219c91"
dependencies = [
 "polkavm-derive-impl",
 "syn 2.0.119",
]

[[package]]
name = "ppv-lite86"
version = "0.2.21"
source = "registry+https://github.com/rust-lang/crates.io-index"
checksum = "85eae3c4ed2f50dcfe72643da4befc30deadb458a9b590d720cde2f2b1e97da9"
dependencies = [
 "zerocopy",
]

[[package]]
name = "proc-macro2"
version = "1.0.107"
source = "registry+https://github.com/rust-lang/crates.io-index"
checksum = "985e7ec9bb745e6ce6535b544d84d6cd6f7ad8bd711c398938ae983b91a766d9"
dependencies = [
 "unicode-ident",
]

[[package]]
name = "quote"
version = "1.0.47"
source = "registry+https://github.com/rust-lang/crates.io-index"
checksum = "1fbf4db142a473a8d80c26bbf18454ed458bf8d26c8219c331daecfdbd079001"
dependencies = [
 "proc-macro2",
]

[[package]]
name = "rand"
version = "0.8.8"
source = "registry+https://github.com/rust-lang/crates.io-index"
checksum = "e058c7de0b26af77780c769414d6257830bb240f3c38477dbc2c16e5f54d6d4c"
dependencies = [
 "libc",
 "rand_chacha",
 "rand_core",
]

[[package]]
name = "rand_chacha"
version = "0.3.1"
source = "registry+https://github.com/rust-lang/crates.io-index"
checksum = "e6c10a63a0fa32252be49d21e7709d4d4baf8d231c2dbce1eaa8141b9b127d88"
dependencies = [
 "ppv-lite86",
 "rand_core",
]

[[package]]
name = "rand_core"
version = "0.6.4"
source = "registry+https://github.com/rust-lang/crates.io-index"
checksum = "ec0be4795e2f6a28069bec0b5ff3e2ac9bafc99e6a9a7dc3547996c5c816922c"
dependencies = [
 "getrandom",
]

[[package]]
name = "redox_syscall"
version = "0.5.18"
source = "registry+https://github.com/rust-lang/crates.io-index"
checksum = "ed2bf2547551a7053d6fdfafda3f938979645c44812fbfcda098faae3f1a362d"
dependencies = [
 "bitflags",
]

[[package]]
name = "rialo-atomic-u64"
version = "0.21.0-alpha.0"
source = "registry+https://github.com/rust-lang/crates.io-index"
checksum = "81282cb79c129d29d831fbcc0f00361a287ff24fbdfdd198900a2f60ce6b9e07"
dependencies = [
 "parking_lot",
]

[[package]]
name = "rialo-hash"
version = "0.21.0-alpha.0"
source = "registry+https://github.com/rust-lang/crates.io-index"
checksum = "a41f81902ee69cd7a8176ddbb5af2a7233514e79a31abc35f907622f1046b8a7"
dependencies = [
 "bs58",
 "bytemuck",
 "bytemuck_derive",
 "js-sys",
 "rialo-atomic-u64",
 "rialo-sanitize",
 "serde",
 "serde_derive",
 "wasm-bindgen",
]

[[package]]
name = "rialo-s-account-info"
version = "0.21.0-alpha.0"
source = "registry+https://github.com/rust-lang/crates.io-index"
checksum = "22bfd02f473f4626df7c58c835faf7b163327c0be642cda3f9cd984846194bb0"
dependencies = [
 "rialo-s-define-syscall",
 "rialo-s-program-error",
 "rialo-s-program-memory",
 "rialo-s-pubkey",
]

[[package]]
name = "rialo-s-clock"
version = "0.21.0-alpha.0"
source = "registry+https://github.com/rust-lang/crates.io-index"
checksum = "0ba1d8a99ef48f385f4f347c560083d399150db9fd83752c807cf8bb7765bfad"
dependencies = [
 "rialo-s-sdk-ids",
 "rialo-s-sdk-macro",
 "rialo-s-sysvar-id",
 "serde",
 "serde_derive",
]

[[package]]
name = "rialo-s-cpi"
version = "0.21.0-alpha.0"
source = "registry+https://github.com/rust-lang/crates.io-index"
checksum = "e605b59a8879634cd0812a6e9641bf59ffb29442367dffd397a51ea759029a76"
dependencies = [
 "rialo-s-account-info",
 "rialo-s-define-syscall",
 "rialo-s-instruction",
 "rialo-s-program-error",
 "rialo-s-pubkey",
 "rialo-s-stable-layout",
]

[[package]]
name = "rialo-s-decode-error"
version = "0.21.0-alpha.0"
source = "registry+https://github.com/rust-lang/crates.io-index"
checksum = "94ed7917d98f79d128c5faa08b2a190dfa71d1dc8215c8d1c706aa3c73810b43"
dependencies = [
 "num-traits",
]

[[package]]
name = "rialo-s-define-syscall"
version = "0.21.0-alpha.0"
source = "registry+https://github.com/rust-lang/crates.io-index"
checksum = "e5346af317407a6c372fad7d561aeaaa4d64447bb09720967e1781c7320ea044"
dependencies = [
 "polkavm-derive",
]

[[package]]
name = "rialo-s-epoch-schedule"
version = "0.21.0-alpha.0"
source = "registry+https://github.com/rust-lang/crates.io-index"
checksum = "93dd491d4f54a69481dd178f4abcc3995224110c75b783b01bee7c2d895a65a0"
dependencies = [
 "rialo-s-sdk-ids",
 "rialo-s-sdk-macro",
 "rialo-s-sysvar-id",
 "serde",
 "serde_derive",
]

[[package]]
name = "rialo-s-fee-calculator"
version = "0.21.0-alpha.0"
source = "registry+https://github.com/rust-lang/crates.io-index"
checksum = "911edb4ce2a758cd6e5425c2494137ad1c6e7fa12dd471b3eec1ee45add2daec"
dependencies = [
 "log",
 "serde",
 "serde_derive",
]

[[package]]
name = "rialo-s-instruction"
version = "0.21.0-alpha.0"
source = "registry+https://github.com/rust-lang/crates.io-index"
checksum = "db42e7c6553af59c2823bb13ce08f18a8b2f62a270a493f4f0640c2949bd417d"
dependencies = [
 "getrandom",
 "js-sys",
 "num-traits",
 "rialo-s-define-syscall",
 "rialo-s-pubkey",
 "wasm-bindgen",
]

[[package]]
name = "rialo-s-instructions-sysvar"
version = "0.21.0-alpha.0"
source = "registry+https://github.com/rust-lang/crates.io-index"
checksum = "1da8a2206c003c7ad5e25d645235ecf281957df73c1d003b276ee7e3437f3622"
dependencies = [
 "bitflags",
 "rialo-s-account-info",
 "rialo-s-instruction",
 "rialo-s-program-error",
 "rialo-s-pubkey",
 "rialo-s-sdk-ids",
 "rialo-s-serialize-utils",
 "rialo-s-sysvar-id",
 "rialo-sanitize",
]

[[package]]
name = "rialo-s-msg"
version = "0.21.0-alpha.0"
source = "registry+https://github.com/rust-lang/crates.io-index"
checksum = "35ffa6704c2c2ff42342c4915d7ca5b159961ef5bbe55eb8e9c9d9690c81aecd"
dependencies = [
 "rialo-s-define-syscall",
]

[[package]]
name = "rialo-s-program-entrypoint"
version = "0.21.0-alpha.0"
source = "registry+https://github.com/rust-lang/crates.io-index"
checksum = "8606bdc896246543a8494a302c6ac84d3d950161eac9ace9c8c5913f2a7b5740"
dependencies = [
 "bytemuck",
 "polkavm-derive",
 "rialo-s-account-info",
 "rialo-s-msg",
 "rialo-s-program-error",
 "rialo-s-pubkey",
]

[[package]]
name = "rialo-s-program-error"
version = "0.21.0-alpha.0"
source = "registry+https://github.com/rust-lang/crates.io-index"
checksum = "2dc6ad2d6cf955f10556382dc0a4fc388c566514aaa55280c0f8d1ad8ca63485"
dependencies = [
 "num-traits",
 "rialo-s-decode-error",
 "rialo-s-instruction",
 "rialo-s-msg",
 "rialo-s-pubkey",
]

[[package]]
name = "rialo-s-program-memory"
version = "0.21.0-alpha.0"
source = "registry+https://github.com/rust-lang/crates.io-index"
checksum = "cf247fbe7bec09cc9e29f0412f58c27378a8cce0721e1c08e24affe9e4b3eaa7"
dependencies = [
 "num-traits",
 "rialo-s-define-syscall",
]

[[package]]
name = "rialo-s-pubkey"
version = "0.21.0-alpha.0"
source = "registry+https://github.com/rust-lang/crates.io-index"
checksum = "2a39c2d22becc9622e42b48d56d463102a0797c3e7acfd009775452121116cd7"
dependencies = [
 "bs58",
 "five8_const",
 "getrandom",
 "js-sys",
 "num-traits",
 "rialo-atomic-u64",
 "rialo-s-decode-error",
 "rialo-s-define-syscall",
 "rialo-s-sha256-hasher",
 "rialo-sanitize",
 "wasm-bindgen",
]

[[package]]
name = "rialo-s-random-seed"
version = "0.21.0-alpha.0"
source = "registry+https://github.com/rust-lang/crates.io-index"
checksum = "fb2782bf347a88d507dafacba6d2458f56b3855ae2c1227c3810f1a076240c59"
dependencies = [
 "rand",
 "rialo-s-define-syscall",
 "thiserror",
]

[[package]]
name = "rialo-s-rent"
version = "0.21.0-alpha.0"
source = "registry+https://github.com/rust-lang/crates.io-index"
checksum = "1d61d981bc0c402369c36b00de204cab273001daf0bc304422b8de7b7c44f3a8"
dependencies = [
 "rialo-s-sdk-ids",
 "rialo-s-sdk-macro",
 "rialo-s-sysvar-id",
 "serde",
 "serde_derive",
]

[[package]]
name = "rialo-s-sdk-ids"
version = "0.21.0-alpha.0"
source = "registry+https://github.com/rust-lang/crates.io-index"
checksum = "662fc8662253cc5a63000b6a3538494134be993d5495ff5846185ed2dd0d648f"
dependencies = [
 "rialo-s-pubkey",
]

[[package]]
name = "rialo-s-sdk-macro"
version = "0.21.0-alpha.0"
source = "registry+https://github.com/rust-lang/crates.io-index"
checksum = "574d9da966505f17d9bbfefb74226b7b3eb27e5ec470d607050a857fa5c7d56b"
dependencies = [
 "bs58",
 "proc-macro2",
 "quote",
 "syn 2.0.119",
]

[[package]]
name = "rialo-s-serialize-utils"
version = "0.21.0-alpha.0"
source = "registry+https://github.com/rust-lang/crates.io-index"
checksum = "e7c5473c826e8e28b37df25aa5fa68280e30e099b29311d71673c5d854480924"
dependencies = [
 "rialo-s-instruction",
 "rialo-s-pubkey",
 "rialo-sanitize",
]

[[package]]
name = "rialo-s-sha256-hasher"
version = "0.21.0-alpha.0"
source = "registry+https://github.com/rust-lang/crates.io-index"
checksum = "8d749f6ff88b4921e231d393b4284f2455e9da7b0f7011d26d1b6e655804b49d"
dependencies = [
 "rialo-hash",
 "rialo-s-define-syscall",
 "sha2",
]

[[package]]
name = "rialo-s-stable-layout"
version = "0.21.0-alpha.0"
source = "registry+https://github.com/rust-lang/crates.io-index"
checksum = "711bc32f42727beaae68987df307abee1fbfd1fdd9547188092e56464edb80f1"
dependencies = [
 "rialo-s-instruction",
 "rialo-s-pubkey",
]

[[package]]
name = "rialo-s-sysvar"
version = "0.21.0-alpha.0"
source = "registry+https://github.com/rust-lang/crates.io-index"
checksum = "1dafc2717adf9fcb4361392b747e1ca15b5b80a5a8a41b1fd43b4cdb10e9118c"
dependencies = [
 "base64",
 "bincode",
 "rialo-hash",
 "rialo-s-account-info",
 "rialo-s-clock",
 "rialo-s-define-syscall",
 "rialo-s-epoch-schedule",
 "rialo-s-fee-calculator",
 "rialo-s-instruction",
 "rialo-s-program-entrypoint",
 "rialo-s-program-error",
 "rialo-s-program-memory",
 "rialo-s-pubkey",
 "rialo-s-rent",
 "rialo-s-sdk-ids",
 "rialo-s-sdk-macro",
 "rialo-s-sysvar-id",
 "serde",
 "serde_derive",
]

[[package]]
name = "rialo-s-sysvar-id"
version = "0.21.0-alpha.0"
source = "registry+https://github.com/rust-lang/crates.io-index"
checksum = "410ce8b854c4b67a01dbf040b973def4139e9b193c54ba66c07f4b7189291dc8"
dependencies = [
 "rialo-s-pubkey",
 "rialo-s-sdk-ids",
]

[[package]]
name = "rialo-sanitize"
version = "0.21.0-alpha.0"
source = "registry+https://github.com/rust-lang/crates.io-index"
checksum = "b200d89f20441a2fa1f4ea14e5aedaa5233f4cf321d4afb276dbca97ba43f6aa"

[[package]]
name = "rustversion"
version = "1.0.23"
source = "registry+https://github.com/rust-lang/crates.io-index"
checksum = "cf54715a573b99ac80df0bc206da022bcd442c974952c7b9720069370852e21f"

[[package]]
name = "scopeguard"
version = "1.2.0"
source = "registry+https://github.com/rust-lang/crates.io-index"
checksum = "94143f37725109f92c262ed2cf5e59bce7498c01bcc1502d7b9afe439a4e9f49"

[[package]]
name = "serde"
version = "1.0.229"
source = "registry+https://github.com/rust-lang/crates.io-index"
checksum = "4148590afebada386688f18773da617792bf2ef03ffc1e4cbd2b1d45b023e0ba"
dependencies = [
 "serde_core",
 "serde_derive",
]

[[package]]
name = "serde_core"
version = "1.0.229"
source = "registry+https://github.com/rust-lang/crates.io-index"
checksum = "67dca2c9c51e58a4791a4b1ed58308b39c64224d349a935ab5039aa360942a48"
dependencies = [
 "serde_derive",
]

[[package]]
name = "serde_derive"
version = "1.0.229"
source = "registry+https://github.com/rust-lang/crates.io-index"
checksum = "e7a5d71263a5a7d47b41f6b3f06ba276f10cc18b0931f1799f710578e2309348"
dependencies = [
 "proc-macro2",
 "quote",
 "syn 3.0.6",
]

[[package]]
name = "serde_json"
version = "1.0.151"
source = "registry+https://github.com/rust-lang/crates.io-index"
checksum = "c841b55ecdae098c80dcae9cf767f6f8a0c2cdb3416bbef72181df4d0fe73f14"
dependencies = [
 "itoa",
 "memchr",
 "serde",
 "serde_core",
 "zmij",
]

[[package]]
name = "sha2"
version = "0.10.9"
source = "registry+https://github.com/rust-lang/crates.io-index"
checksum = "a7507d819769d01a365ab707794a4084392c824f54a7a6a7862f8c3d0892b283"
dependencies = [
 "cfg-if",
 "cpufeatures",
 "digest",
]

[[package]]
name = "slab"
version = "0.4.12"
source = "registry+https://github.com/rust-lang/crates.io-index"
checksum = "0c790de23124f9ab44544d7ac05d60440adc586479ce501c1d6d7da3cd8c9cf5"

[[package]]
name = "smallvec"
version = "1.16.2"
source = "registry+https://github.com/rust-lang/crates.io-index"
checksum = "f9395f0f0eee849a9b707b2f06bb92a6a422090e2123bb2ef8e87a0e61892a8e"

[[package]]
name = "syn"
version = "2.0.119"
source = "registry+https://github.com/rust-lang/crates.io-index"
checksum = "872831b642d1a07999a962a351ed35b955ea2cfc8f3862091e2a240a84f17297"
dependencies = [
 "proc-macro2",
 "quote",
 "unicode-ident",
]

[[package]]
name = "syn"
version = "3.0.6"
source = "registry+https://github.com/rust-lang/crates.io-index"
checksum = "8593e8e72159ed2257d083c7a454a85cbf854f37a0966d8d483aff8c8a3ebcee"
dependencies = [
 "proc-macro2",
 "quote",
 "unicode-ident",
]

[[package]]
name = "thiserror"
version = "1.0.69"
source = "registry+https://github.com/rust-lang/crates.io-index"
checksum = "b6aaf5339b578ea85b50e080feb250a3e8ae8cfcdff9a461c9ec2904bc923f52"
dependencies = [
 "thiserror-impl",
]

[[package]]
name = "thiserror-impl"
version = "1.0.69"
source = "registry+https://github.com/rust-lang/crates.io-index"
checksum = "4fee6c4efc90059e10f81e6d42c60a18f76588c3d74cb83a0b242a2b6c7504c1"
dependencies = [
 "proc-macro2",
 "quote",
 "syn 2.0.119",
]

[[package]]
name = "tinyvec"
version = "1.13.3"
source = "registry+https://github.com/rust-lang/crates.io-index"
checksum = "fd3ca314f692efd6c868f8408f53fe444634a845f96c028b97d35f6a1f79f0ee"

[[package]]
name = "typenum"
version = "1.20.1"
source = "registry+https://github.com/rust-lang/crates.io-index"
checksum = "b6f5e870be6c3b371b77fe0ee0bafb859fa4964b4404c27de1d380043c4dda20"

[[package]]
name = "unicode-ident"
version = "1.0.26"
source = "registry+https://github.com/rust-lang/crates.io-index"
checksum = "d245f478577f809a851594d02313b640fb437e0bb33866753cff937863096954"

[[package]]
name = "version_check"
version = "0.9.5"
source = "registry+https://github.com/rust-lang/crates.io-index"
checksum = "0b928f33d975fc6ad9f86c8f283853ad26bdd5b10b7f1542aa2fa15e2289105a"

[[package]]
name = "wasi"
version = "0.11.1+wasi-snapshot-preview1"
source = "registry+https://github.com/rust-lang/crates.io-index"
checksum = "ccf3ec651a847eb01de73ccad15eb7d99f80485de043efb2f370cd654f4ea44b"

[[package]]
name = "wasm-bindgen"
version = "0.2.129"
source = "registry+https://github.com/rust-lang/crates.io-index"
checksum = "9bb54f33acc68fd454578d9820b0bde1a1a3d17aa17bb7b6595806d02886d409"
dependencies = [
 "cfg-if",
 "once_cell",
 "rustversion",
 "serde",
 "serde_json",
 "wasm-bindgen-macro",
 "wasm-bindgen-shared",
]

[[package]]
name = "wasm-bindgen-macro"
version = "0.2.129"
source = "registry+https://github.com/rust-lang/crates.io-index"
checksum = "2e29d0c35b16e224a7eeb5cd2d25e3e1968fbd65604117b44d3b789d00ee8535"
dependencies = [
 "quote",
 "wasm-bindgen-macro-support",
]

[[package]]
name = "wasm-bindgen-macro-support"
version = "0.2.129"
source = "registry+https://github.com/rust-lang/crates.io-index"
checksum = "6f501a8bc3719dba86ef8ae4728879c08001bea749eb1333ac5b91e040e2a6b7"
dependencies = [
 "bumpalo",
 "proc-macro2",
 "quote",
 "syn 3.0.6",
 "wasm-bindgen-shared",
]

[[package]]
name = "wasm-bindgen-shared"
version = "0.2.129"
source = "registry+https://github.com/rust-lang/crates.io-index"
checksum = "23f0c9c52aa7cd7d77769a4cfe2a9adb1b331f489a41d912ce14513d5ab995c6"
dependencies = [
 "unicode-ident",
]

[[package]]
name = "windows-link"
version = "0.2.1"
source = "registry+https://github.com/rust-lang/crates.io-index"
checksum = "f0805222e57f7521d6a62e36fa9163bc891acd422f971defe97d64e70d0a4fe5"

[[package]]
name = "zerocopy"
version = "0.8.60"
source = "registry+https://github.com/rust-lang/crates.io-index"
checksum = "6400fc4bb7426f6faac3fb07566122bb18622e3022bd2c36426a92ed489b1dbe"
dependencies = [
 "zerocopy-derive",
]

[[package]]
name = "zerocopy-derive"
version = "0.8.60"
source = "registry+https://github.com/rust-lang/crates.io-index"
checksum = "99c27cc7525bad4df59a45e073c45b2c2aa820efb588234cc23a547ec69a34db"
dependencies = [
 "proc-macro2",
 "quote",
 "syn 2.0.119",
]

[[package]]
name = "zmij"
version = "1.0.23"
source = "registry+https://github.com/rust-lang/crates.io-index"
checksum = "29666d0abbfad1e3dc4dcf6144730dd3a3ab225bbbdac83319345b1b44ccfc1b"
